// !$*UTF8*$!
{
	archiveVersion = 1;
	classes = {
	};
	objectVersion = 56;
	objects = {

/* Begin PBXBuildFile section */
		A27997A02B4D9DCA0036C648 /* ImageCache.swift in Sources */ = {isa = PBXBuildFile; fileRef = A279979F2B4D9DCA0036C648 /* ImageCache.swift */; };
		A27997A52B4DCA890036C648 /* ImageService.swift in Sources */ = {isa = PBXBuildFile; fileRef = A27997A42B4DCA890036C648 /* ImageService.swift */; };
		A27997AB2B4E97470036C648 /* Comment.swift in Sources */ = {isa = PBXBuildFile; fileRef = A27997AA2B4E97470036C648 /* Comment.swift */; };
		A27997AF2B4E9A850036C648 /* ImageServiceTests.swift in Sources */ = {isa = PBXBuildFile; fileRef = A27997AE2B4E9A850036C648 /* ImageServiceTests.swift */; };
		A27997B12B4EB0900036C648 /* ImageCacheTests.swift in Sources */ = {isa = PBXBuildFile; fileRef = A27997B02B4EB0900036C648 /* ImageCacheTests.swift */; };
		A27997B32B4EC1940036C648 /* AsyncImageLoaderTests.swift in Sources */ = {isa = PBXBuildFile; fileRef = A27997B22B4EC1940036C648 /* AsyncImageLoaderTests.swift */; };
		A27997BB2B4ED5450036C648 /* MockRequests.swift in Sources */ = {isa = PBXBuildFile; fileRef = A27997B72B4ED5180036C648 /* MockRequests.swift */; };
		A27997BC2B4ED5570036C648 /* MockResponses.swift in Sources */ = {isa = PBXBuildFile; fileRef = A27997B92B4ED51F0036C648 /* MockResponses.swift */; };
		A27997C02B4EF79C0036C648 /* MockURLProtocol.swift in Sources */ = {isa = PBXBuildFile; fileRef = A27997BD2B4EF7820036C648 /* MockURLProtocol.swift */; };
		A28F6B962B1F490900F858E4 /* AppDelegate.swift in Sources */ = {isa = PBXBuildFile; fileRef = A28F6B952B1F490900F858E4 /* AppDelegate.swift */; };
		A28F6B9D2B1F490900F858E4 /* Main.storyboard in Resources */ = {isa = PBXBuildFile; fileRef = A28F6B9B2B1F490900F858E4 /* Main.storyboard */; };
		A28F6B9F2B1F490B00F858E4 /* Assets.xcassets in Resources */ = {isa = PBXBuildFile; fileRef = A28F6B9E2B1F490B00F858E4 /* Assets.xcassets */; };
		A28F6BA22B1F490B00F858E4 /* LaunchScreen.storyboard in Resources */ = {isa = PBXBuildFile; fileRef = A28F6BA02B1F490B00F858E4 /* LaunchScreen.storyboard */; };
		A28F6BB72B1F490B00F858E4 /* SwiftMVVMDemoUITests.swift in Sources */ = {isa = PBXBuildFile; fileRef = A28F6BB62B1F490B00F858E4 /* SwiftMVVMDemoUITests.swift */; };
		A28F6BB92B1F490B00F858E4 /* SwiftMVVMDemoUITestsLaunchTests.swift in Sources */ = {isa = PBXBuildFile; fileRef = A28F6BB82B1F490B00F858E4 /* SwiftMVVMDemoUITestsLaunchTests.swift */; };
		A28F6BD22B1F498000F858E4 /* Bundle+Extension.swift in Sources */ = {isa = PBXBuildFile; fileRef = A28F6BC62B1F498000F858E4 /* Bundle+Extension.swift */; };
		A28F6BD32B1F498000F858E4 /* APIRequestHandlerTests.swift in Sources */ = {isa = PBXBuildFile; fileRef = A28F6BC72B1F498000F858E4 /* APIRequestHandlerTests.swift */; };
		A28F6BDA2B1F498000F858E4 /* APIResponseHandlerTests.swift in Sources */ = {isa = PBXBuildFile; fileRef = A28F6BD02B1F498000F858E4 /* APIResponseHandlerTests.swift */; };
		A28F6BDB2B1F498000F858E4 /* APIManagerTests.swift in Sources */ = {isa = PBXBuildFile; fileRef = A28F6BD12B1F498000F858E4 /* APIManagerTests.swift */; };
		A28F6BEE2B1F499300F858E4 /* Post.swift in Sources */ = {isa = PBXBuildFile; fileRef = A28F6BDE2B1F499300F858E4 /* Post.swift */; };
		A28F6BF32B1F499300F858E4 /* Request.swift in Sources */ = {isa = PBXBuildFile; fileRef = A28F6BE42B1F499300F858E4 /* Request.swift */; };
		A28F6BF42B1F499300F858E4 /* APIResponseHandler.swift in Sources */ = {isa = PBXBuildFile; fileRef = A28F6BE52B1F499300F858E4 /* APIResponseHandler.swift */; };
		A28F6BF52B1F499300F858E4 /* APIRequestHandler.swift in Sources */ = {isa = PBXBuildFile; fileRef = A28F6BE62B1F499300F858E4 /* APIRequestHandler.swift */; };
		A28F6BF62B1F499300F858E4 /* RequestError.swift in Sources */ = {isa = PBXBuildFile; fileRef = A28F6BE72B1F499300F858E4 /* RequestError.swift */; };
		A28F6BF72B1F499300F858E4 /* APIConstants.swift in Sources */ = {isa = PBXBuildFile; fileRef = A28F6BE92B1F499300F858E4 /* APIConstants.swift */; };
		A28F6C032B1F4A4500F858E4 /* comments.json in Resources */ = {isa = PBXBuildFile; fileRef = A28F6BCF2B1F498000F858E4 /* comments.json */; };
		A28F6C0A2B1F7C4300F858E4 /* PostListViewModel.swift in Sources */ = {isa = PBXBuildFile; fileRef = A28F6C092B1F7C4300F858E4 /* PostListViewModel.swift */; };
		A28F6C0C2B1F7C6600F858E4 /* PostListViewController.swift in Sources */ = {isa = PBXBuildFile; fileRef = A28F6C0B2B1F7C6600F858E4 /* PostListViewController.swift */; };
		A28F6C0E2B1FA9FB00F858E4 /* PostServiceTests.swift in Sources */ = {isa = PBXBuildFile; fileRef = A28F6C0D2B1FA9FB00F858E4 /* PostServiceTests.swift */; };
		A28F6C102B1FAAB500F858E4 /* PostService.swift in Sources */ = {isa = PBXBuildFile; fileRef = A28F6C0F2B1FAAB500F858E4 /* PostService.swift */; };
		A28F6C122B1FAB7200F858E4 /* APIManager.swift in Sources */ = {isa = PBXBuildFile; fileRef = A28F6C112B1FAB7200F858E4 /* APIManager.swift */; };
		A28F6C172B1FB9A200F858E4 /* posts.json in Resources */ = {isa = PBXBuildFile; fileRef = A28F6C152B1FB98800F858E4 /* posts.json */; };
		A28F6C1E2B20BA5800F858E4 /* ViewController.swift in Sources */ = {isa = PBXBuildFile; fileRef = A28F6C1D2B20BA5800F858E4 /* ViewController.swift */; };
		A28F6C212B20BE1500F858E4 /* UITableView+Extension.swift in Sources */ = {isa = PBXBuildFile; fileRef = A28F6C202B20BE1500F858E4 /* UITableView+Extension.swift */; };
		A28F6C232B20BE9800F858E4 /* UIView+Constraints.swift in Sources */ = {isa = PBXBuildFile; fileRef = A28F6C222B20BE9800F858E4 /* UIView+Constraints.swift */; };
		A28F6C252B20C1A100F858E4 /* PostListViewModelTests.swift in Sources */ = {isa = PBXBuildFile; fileRef = A28F6C242B20C1A100F858E4 /* PostListViewModelTests.swift */; };
		A28F6C292B20CC4300F858E4 /* PostListViewControllerTests.swift in Sources */ = {isa = PBXBuildFile; fileRef = A28F6C282B20CC4300F858E4 /* PostListViewControllerTests.swift */; };
		A28F6C2B2B21F82E00F858E4 /* PostListView.swift in Sources */ = {isa = PBXBuildFile; fileRef = A28F6C2A2B21F82E00F858E4 /* PostListView.swift */; };
		A28F6C312B2310D600F858E4 /* Photo.swift in Sources */ = {isa = PBXBuildFile; fileRef = A28F6C302B2310D600F858E4 /* Photo.swift */; };
		A28F6C332B23111200F858E4 /* PhotoService.swift in Sources */ = {isa = PBXBuildFile; fileRef = A28F6C322B23111200F858E4 /* PhotoService.swift */; };
		A28F6C362B23124800F858E4 /* PhotosViewModel.swift in Sources */ = {isa = PBXBuildFile; fileRef = A28F6C352B23124800F858E4 /* PhotosViewModel.swift */; };
		A28F6C382B23125300F858E4 /* PhotosViewController.swift in Sources */ = {isa = PBXBuildFile; fileRef = A28F6C372B23125300F858E4 /* PhotosViewController.swift */; };
		A28F6C3A2B23154C00F858E4 /* PhotoTableViewCell.swift in Sources */ = {isa = PBXBuildFile; fileRef = A28F6C392B23154C00F858E4 /* PhotoTableViewCell.swift */; };
		A28F6C402B2363ED00F858E4 /* PhotosAsyncImageView.swift in Sources */ = {isa = PBXBuildFile; fileRef = A28F6C3F2B2363ED00F858E4 /* PhotosAsyncImageView.swift */; };
		A28F6C422B236B3A00F858E4 /* PhotosCustomAsyncImageView.swift in Sources */ = {isa = PBXBuildFile; fileRef = A28F6C412B236B3A00F858E4 /* PhotosCustomAsyncImageView.swift */; };
		A28F6C442B236B8400F858E4 /* AsyncImageLoader.swift in Sources */ = {isa = PBXBuildFile; fileRef = A28F6C432B236B8400F858E4 /* AsyncImageLoader.swift */; };
		A2A63D392B289426002C8DAC /* AppCoordinator.swift in Sources */ = {isa = PBXBuildFile; fileRef = A2A63D382B289426002C8DAC /* AppCoordinator.swift */; };
		A2A63D3B2B2895A7002C8DAC /* UIStoryboard+Extension.swift in Sources */ = {isa = PBXBuildFile; fileRef = A2A63D3A2B2895A7002C8DAC /* UIStoryboard+Extension.swift */; };
		A2A63D3D2B289980002C8DAC /* PostCoordinator.swift in Sources */ = {isa = PBXBuildFile; fileRef = A2A63D3C2B289980002C8DAC /* PostCoordinator.swift */; };
		A2A63D422B28B559002C8DAC /* PhotosCoordinator.swift in Sources */ = {isa = PBXBuildFile; fileRef = A2A63D412B28B559002C8DAC /* PhotosCoordinator.swift */; };
/* End PBXBuildFile section */

/* Begin PBXContainerItemProxy section */
		A28F6BA92B1F490B00F858E4 /* PBXContainerItemProxy */ = {
			isa = PBXContainerItemProxy;
			containerPortal = A28F6B8A2B1F490900F858E4 /* Project object */;
			proxyType = 1;
			remoteGlobalIDString = A28F6B912B1F490900F858E4;
			remoteInfo = SwiftMVVMDemo;
		};
		A28F6BB32B1F490B00F858E4 /* PBXContainerItemProxy */ = {
			isa = PBXContainerItemProxy;
			containerPortal = A28F6B8A2B1F490900F858E4 /* Project object */;
			proxyType = 1;
			remoteGlobalIDString = A28F6B912B1F490900F858E4;
			remoteInfo = SwiftMVVMDemo;
		};
/* End PBXContainerItemProxy section */

/* Begin PBXFileReference section */
		A279979F2B4D9DCA0036C648 /* ImageCache.swift */ = {isa = PBXFileReference; lastKnownFileType = sourcecode.swift; path = ImageCache.swift; sourceTree = "<group>"; };
		A27997A42B4DCA890036C648 /* ImageService.swift */ = {isa = PBXFileReference; fileEncoding = 4; lastKnownFileType = sourcecode.swift; path = ImageService.swift; sourceTree = "<group>"; };
		A27997AA2B4E97470036C648 /* Comment.swift */ = {isa = PBXFileReference; fileEncoding = 4; lastKnownFileType = sourcecode.swift; path = Comment.swift; sourceTree = "<group>"; };
		A27997AE2B4E9A850036C648 /* ImageServiceTests.swift */ = {isa = PBXFileReference; lastKnownFileType = sourcecode.swift; path = ImageServiceTests.swift; sourceTree = "<group>"; };
		A27997B02B4EB0900036C648 /* ImageCacheTests.swift */ = {isa = PBXFileReference; lastKnownFileType = sourcecode.swift; path = ImageCacheTests.swift; sourceTree = "<group>"; };
		A27997B22B4EC1940036C648 /* AsyncImageLoaderTests.swift */ = {isa = PBXFileReference; lastKnownFileType = sourcecode.swift; path = AsyncImageLoaderTests.swift; sourceTree = "<group>"; };
		A27997B72B4ED5180036C648 /* MockRequests.swift */ = {isa = PBXFileReference; lastKnownFileType = sourcecode.swift; path = MockRequests.swift; sourceTree = "<group>"; };
		A27997B92B4ED51F0036C648 /* MockResponses.swift */ = {isa = PBXFileReference; lastKnownFileType = sourcecode.swift; path = MockResponses.swift; sourceTree = "<group>"; };
		A27997BD2B4EF7820036C648 /* MockURLProtocol.swift */ = {isa = PBXFileReference; lastKnownFileType = sourcecode.swift; path = MockURLProtocol.swift; sourceTree = "<group>"; };
		A28F6B922B1F490900F858E4 /* SwiftMVVMDemo.app */ = {isa = PBXFileReference; explicitFileType = wrapper.application; includeInIndex = 0; path = SwiftMVVMDemo.app; sourceTree = BUILT_PRODUCTS_DIR; };
		A28F6B952B1F490900F858E4 /* AppDelegate.swift */ = {isa = PBXFileReference; lastKnownFileType = sourcecode.swift; path = AppDelegate.swift; sourceTree = "<group>"; };
		A28F6B9C2B1F490900F858E4 /* Base */ = {isa = PBXFileReference; lastKnownFileType = file.storyboard; name = Base; path = Base.lproj/Main.storyboard; sourceTree = "<group>"; };
		A28F6B9E2B1F490B00F858E4 /* Assets.xcassets */ = {isa = PBXFileReference; lastKnownFileType = folder.assetcatalog; path = Assets.xcassets; sourceTree = "<group>"; };
		A28F6BA12B1F490B00F858E4 /* Base */ = {isa = PBXFileReference; lastKnownFileType = file.storyboard; name = Base; path = Base.lproj/LaunchScreen.storyboard; sourceTree = "<group>"; };
		A28F6BA32B1F490B00F858E4 /* Info.plist */ = {isa = PBXFileReference; lastKnownFileType = text.plist.xml; path = Info.plist; sourceTree = "<group>"; };
		A28F6BA82B1F490B00F858E4 /* SwiftMVVMDemoTests.xctest */ = {isa = PBXFileReference; explicitFileType = wrapper.cfbundle; includeInIndex = 0; path = SwiftMVVMDemoTests.xctest; sourceTree = BUILT_PRODUCTS_DIR; };
		A28F6BB22B1F490B00F858E4 /* SwiftMVVMDemoUITests.xctest */ = {isa = PBXFileReference; explicitFileType = wrapper.cfbundle; includeInIndex = 0; path = SwiftMVVMDemoUITests.xctest; sourceTree = BUILT_PRODUCTS_DIR; };
		A28F6BB62B1F490B00F858E4 /* SwiftMVVMDemoUITests.swift */ = {isa = PBXFileReference; lastKnownFileType = sourcecode.swift; path = SwiftMVVMDemoUITests.swift; sourceTree = "<group>"; };
		A28F6BB82B1F490B00F858E4 /* SwiftMVVMDemoUITestsLaunchTests.swift */ = {isa = PBXFileReference; lastKnownFileType = sourcecode.swift; path = SwiftMVVMDemoUITestsLaunchTests.swift; sourceTree = "<group>"; };
		A28F6BC62B1F498000F858E4 /* Bundle+Extension.swift */ = {isa = PBXFileReference; fileEncoding = 4; lastKnownFileType = sourcecode.swift; path = "Bundle+Extension.swift"; sourceTree = "<group>"; };
		A28F6BC72B1F498000F858E4 /* APIRequestHandlerTests.swift */ = {isa = PBXFileReference; fileEncoding = 4; lastKnownFileType = sourcecode.swift; path = APIRequestHandlerTests.swift; sourceTree = "<group>"; };
		A28F6BCF2B1F498000F858E4 /* comments.json */ = {isa = PBXFileReference; fileEncoding = 4; lastKnownFileType = text.json; path = comments.json; sourceTree = "<group>"; };
		A28F6BD02B1F498000F858E4 /* APIResponseHandlerTests.swift */ = {isa = PBXFileReference; fileEncoding = 4; lastKnownFileType = sourcecode.swift; path = APIResponseHandlerTests.swift; sourceTree = "<group>"; };
		A28F6BD12B1F498000F858E4 /* APIManagerTests.swift */ = {isa = PBXFileReference; fileEncoding = 4; lastKnownFileType = sourcecode.swift; path = APIManagerTests.swift; sourceTree = "<group>"; };
		A28F6BDE2B1F499300F858E4 /* Post.swift */ = {isa = PBXFileReference; fileEncoding = 4; lastKnownFileType = sourcecode.swift; path = Post.swift; sourceTree = "<group>"; };
		A28F6BE42B1F499300F858E4 /* Request.swift */ = {isa = PBXFileReference; fileEncoding = 4; lastKnownFileType = sourcecode.swift; path = Request.swift; sourceTree = "<group>"; };
		A28F6BE52B1F499300F858E4 /* APIResponseHandler.swift */ = {isa = PBXFileReference; fileEncoding = 4; lastKnownFileType = sourcecode.swift; path = APIResponseHandler.swift; sourceTree = "<group>"; };
		A28F6BE62B1F499300F858E4 /* APIRequestHandler.swift */ = {isa = PBXFileReference; fileEncoding = 4; lastKnownFileType = sourcecode.swift; path = APIRequestHandler.swift; sourceTree = "<group>"; };
		A28F6BE72B1F499300F858E4 /* RequestError.swift */ = {isa = PBXFileReference; fileEncoding = 4; lastKnownFileType = sourcecode.swift; path = RequestError.swift; sourceTree = "<group>"; };
		A28F6BE92B1F499300F858E4 /* APIConstants.swift */ = {isa = PBXFileReference; fileEncoding = 4; lastKnownFileType = sourcecode.swift; path = APIConstants.swift; sourceTree = "<group>"; };
		A28F6C092B1F7C4300F858E4 /* PostListViewModel.swift */ = {isa = PBXFileReference; lastKnownFileType = sourcecode.swift; path = PostListViewModel.swift; sourceTree = "<group>"; };
		A28F6C0B2B1F7C6600F858E4 /* PostListViewController.swift */ = {isa = PBXFileReference; lastKnownFileType = sourcecode.swift; path = PostListViewController.swift; sourceTree = "<group>"; };
		A28F6C0D2B1FA9FB00F858E4 /* PostServiceTests.swift */ = {isa = PBXFileReference; lastKnownFileType = sourcecode.swift; path = PostServiceTests.swift; sourceTree = "<group>"; };
		A28F6C0F2B1FAAB500F858E4 /* PostService.swift */ = {isa = PBXFileReference; lastKnownFileType = sourcecode.swift; path = PostService.swift; sourceTree = "<group>"; };
		A28F6C112B1FAB7200F858E4 /* APIManager.swift */ = {isa = PBXFileReference; lastKnownFileType = sourcecode.swift; path = APIManager.swift; sourceTree = "<group>"; };
		A28F6C152B1FB98800F858E4 /* posts.json */ = {isa = PBXFileReference; lastKnownFileType = text.json; path = posts.json; sourceTree = "<group>"; };
		A28F6C1D2B20BA5800F858E4 /* ViewController.swift */ = {isa = PBXFileReference; fileEncoding = 4; lastKnownFileType = sourcecode.swift; path = ViewController.swift; sourceTree = "<group>"; };
		A28F6C202B20BE1500F858E4 /* UITableView+Extension.swift */ = {isa = PBXFileReference; lastKnownFileType = sourcecode.swift; path = "UITableView+Extension.swift"; sourceTree = "<group>"; };
		A28F6C222B20BE9800F858E4 /* UIView+Constraints.swift */ = {isa = PBXFileReference; lastKnownFileType = sourcecode.swift; path = "UIView+Constraints.swift"; sourceTree = "<group>"; };
		A28F6C242B20C1A100F858E4 /* PostListViewModelTests.swift */ = {isa = PBXFileReference; lastKnownFileType = sourcecode.swift; path = PostListViewModelTests.swift; sourceTree = "<group>"; };
		A28F6C282B20CC4300F858E4 /* PostListViewControllerTests.swift */ = {isa = PBXFileReference; lastKnownFileType = sourcecode.swift; path = PostListViewControllerTests.swift; sourceTree = "<group>"; };
		A28F6C2A2B21F82E00F858E4 /* PostListView.swift */ = {isa = PBXFileReference; lastKnownFileType = sourcecode.swift; path = PostListView.swift; sourceTree = "<group>"; };
		A28F6C302B2310D600F858E4 /* Photo.swift */ = {isa = PBXFileReference; lastKnownFileType = sourcecode.swift; path = Photo.swift; sourceTree = "<group>"; };
		A28F6C322B23111200F858E4 /* PhotoService.swift */ = {isa = PBXFileReference; lastKnownFileType = sourcecode.swift; path = PhotoService.swift; sourceTree = "<group>"; };
		A28F6C352B23124800F858E4 /* PhotosViewModel.swift */ = {isa = PBXFileReference; lastKnownFileType = sourcecode.swift; path = PhotosViewModel.swift; sourceTree = "<group>"; };
		A28F6C372B23125300F858E4 /* PhotosViewController.swift */ = {isa = PBXFileReference; lastKnownFileType = sourcecode.swift; path = PhotosViewController.swift; sourceTree = "<group>"; };
		A28F6C392B23154C00F858E4 /* PhotoTableViewCell.swift */ = {isa = PBXFileReference; lastKnownFileType = sourcecode.swift; path = PhotoTableViewCell.swift; sourceTree = "<group>"; };
		A28F6C3F2B2363ED00F858E4 /* PhotosAsyncImageView.swift */ = {isa = PBXFileReference; lastKnownFileType = sourcecode.swift; path = PhotosAsyncImageView.swift; sourceTree = "<group>"; };
		A28F6C412B236B3A00F858E4 /* PhotosCustomAsyncImageView.swift */ = {isa = PBXFileReference; lastKnownFileType = sourcecode.swift; path = PhotosCustomAsyncImageView.swift; sourceTree = "<group>"; };
		A28F6C432B236B8400F858E4 /* AsyncImageLoader.swift */ = {isa = PBXFileReference; lastKnownFileType = sourcecode.swift; path = AsyncImageLoader.swift; sourceTree = "<group>"; };
		A2A63D382B289426002C8DAC /* AppCoordinator.swift */ = {isa = PBXFileReference; lastKnownFileType = sourcecode.swift; path = AppCoordinator.swift; sourceTree = "<group>"; };
		A2A63D3A2B2895A7002C8DAC /* UIStoryboard+Extension.swift */ = {isa = PBXFileReference; lastKnownFileType = sourcecode.swift; path = "UIStoryboard+Extension.swift"; sourceTree = "<group>"; };
		A2A63D3C2B289980002C8DAC /* PostCoordinator.swift */ = {isa = PBXFileReference; lastKnownFileType = sourcecode.swift; path = PostCoordinator.swift; sourceTree = "<group>"; };
		A2A63D412B28B559002C8DAC /* PhotosCoordinator.swift */ = {isa = PBXFileReference; lastKnownFileType = sourcecode.swift; path = PhotosCoordinator.swift; sourceTree = "<group>"; };
/* End PBXFileReference section */

/* Begin PBXFrameworksBuildPhase section */
		A28F6B8F2B1F490900F858E4 /* Frameworks */ = {
			isa = PBXFrameworksBuildPhase;
			buildActionMask = 2147483647;
			files = (
			);
			runOnlyForDeploymentPostprocessing = 0;
		};
		A28F6BA52B1F490B00F858E4 /* Frameworks */ = {
			isa = PBXFrameworksBuildPhase;
			buildActionMask = 2147483647;
			files = (
			);
			runOnlyForDeploymentPostprocessing = 0;
		};
		A28F6BAF2B1F490B00F858E4 /* Frameworks */ = {
			isa = PBXFrameworksBuildPhase;
			buildActionMask = 2147483647;
			files = (
			);
			runOnlyForDeploymentPostprocessing = 0;
		};
/* End PBXFrameworksBuildPhase section */

/* Begin PBXGroup section */
		A27997A12B4DA0710036C648 /* Image Downloading */ = {
			isa = PBXGroup;
			children = (
				A27997A42B4DCA890036C648 /* ImageService.swift */,
				A28F6C432B236B8400F858E4 /* AsyncImageLoader.swift */,
				A279979F2B4D9DCA0036C648 /* ImageCache.swift */,
			);
			path = "Image Downloading";
			sourceTree = "<group>";
		};
		A27997A62B4E95050036C648 /* UIKit */ = {
			isa = PBXGroup;
			children = (
				A28F6C372B23125300F858E4 /* PhotosViewController.swift */,
				A28F6C392B23154C00F858E4 /* PhotoTableViewCell.swift */,
				A2A63D412B28B559002C8DAC /* PhotosCoordinator.swift */,
			);
			path = UIKit;
			sourceTree = "<group>";
		};
		A27997A72B4E950C0036C648 /* SwiftUI */ = {
			isa = PBXGroup;
			children = (
				A28F6C3F2B2363ED00F858E4 /* PhotosAsyncImageView.swift */,
				A28F6C412B236B3A00F858E4 /* PhotosCustomAsyncImageView.swift */,
			);
			path = SwiftUI;
			sourceTree = "<group>";
		};
		A27997A82B4E95440036C648 /* UIKit */ = {
			isa = PBXGroup;
			children = (
				A28F6C0B2B1F7C6600F858E4 /* PostListViewController.swift */,
				A2A63D3C2B289980002C8DAC /* PostCoordinator.swift */,
			);
			path = UIKit;
			sourceTree = "<group>";
		};
		A27997A92B4E954B0036C648 /* SwiftUI */ = {
			isa = PBXGroup;
			children = (
				A28F6C2A2B21F82E00F858E4 /* PostListView.swift */,
			);
			path = SwiftUI;
			sourceTree = "<group>";
		};
		A27997AC2B4E978C0036C648 /* PhotosTests */ = {
			isa = PBXGroup;
			children = (
			);
			path = PhotosTests;
			sourceTree = "<group>";
		};
		A27997AD2B4E9A610036C648 /* ImageDownloadingTests */ = {
			isa = PBXGroup;
			children = (
				A27997AE2B4E9A850036C648 /* ImageServiceTests.swift */,
				A27997B22B4EC1940036C648 /* AsyncImageLoaderTests.swift */,
				A27997B02B4EB0900036C648 /* ImageCacheTests.swift */,
			);
			path = ImageDownloadingTests;
			sourceTree = "<group>";
		};
		A27997B62B4ED5080036C648 /* Common Mocks */ = {
			isa = PBXGroup;
			children = (
				A27997B72B4ED5180036C648 /* MockRequests.swift */,
				A27997B92B4ED51F0036C648 /* MockResponses.swift */,
				A27997BD2B4EF7820036C648 /* MockURLProtocol.swift */,
			);
			path = "Common Mocks";
			sourceTree = "<group>";
		};
		A28F6B892B1F490900F858E4 = {
			isa = PBXGroup;
			children = (
				A28F6B942B1F490900F858E4 /* SwiftMVVMDemo */,
				A28F6BAB2B1F490B00F858E4 /* SwiftMVVMDemoTests */,
				A28F6BB52B1F490B00F858E4 /* SwiftMVVMDemoUITests */,
				A28F6B932B1F490900F858E4 /* Products */,
			);
			sourceTree = "<group>";
		};
		A28F6B932B1F490900F858E4 /* Products */ = {
			isa = PBXGroup;
			children = (
				A28F6B922B1F490900F858E4 /* SwiftMVVMDemo.app */,
				A28F6BA82B1F490B00F858E4 /* SwiftMVVMDemoTests.xctest */,
				A28F6BB22B1F490B00F858E4 /* SwiftMVVMDemoUITests.xctest */,
			);
			name = Products;
			sourceTree = "<group>";
		};
		A28F6B942B1F490900F858E4 /* SwiftMVVMDemo */ = {
			isa = PBXGroup;
			children = (
				A28F6BE82B1F499300F858E4 /* Constants */,
				A28F6BDF2B1F499300F858E4 /* Networking */,
				A28F6C192B205C9100F858E4 /* Services */,
				A2A63D372B2893F5002C8DAC /* Coordinator */,
				A28F6C182B205C8100F858E4 /* Models */,
				A28F6C052B1F7B8F00F858E4 /* Views */,
				A28F6C1F2B20BDF400F858E4 /* Helpers */,
				A28F6B952B1F490900F858E4 /* AppDelegate.swift */,
				A28F6C1D2B20BA5800F858E4 /* ViewController.swift */,
				A28F6B9B2B1F490900F858E4 /* Main.storyboard */,
				A28F6B9E2B1F490B00F858E4 /* Assets.xcassets */,
				A28F6BA02B1F490B00F858E4 /* LaunchScreen.storyboard */,
				A28F6BA32B1F490B00F858E4 /* Info.plist */,
			);
			path = SwiftMVVMDemo;
			sourceTree = "<group>";
		};
		A28F6BAB2B1F490B00F858E4 /* SwiftMVVMDemoTests */ = {
			isa = PBXGroup;
			children = (
				A27997B62B4ED5080036C648 /* Common Mocks */,
				A28F6C262B20CC1C00F858E4 /* NetworkTests */,
				A28F6C272B20CC2C00F858E4 /* PostTests */,
				A27997AC2B4E978C0036C648 /* PhotosTests */,
				A27997AD2B4E9A610036C648 /* ImageDownloadingTests */,
				A28F6BCE2B1F498000F858E4 /* TestData */,
				A28F6BC52B1F498000F858E4 /* TestHelpers */,
			);
			path = SwiftMVVMDemoTests;
			sourceTree = "<group>";
		};
		A28F6BB52B1F490B00F858E4 /* SwiftMVVMDemoUITests */ = {
			isa = PBXGroup;
			children = (
				A28F6BB62B1F490B00F858E4 /* SwiftMVVMDemoUITests.swift */,
				A28F6BB82B1F490B00F858E4 /* SwiftMVVMDemoUITestsLaunchTests.swift */,
			);
			path = SwiftMVVMDemoUITests;
			sourceTree = "<group>";
		};
		A28F6BC52B1F498000F858E4 /* TestHelpers */ = {
			isa = PBXGroup;
			children = (
				A28F6BC62B1F498000F858E4 /* Bundle+Extension.swift */,
			);
			path = TestHelpers;
			sourceTree = "<group>";
		};
		A28F6BCE2B1F498000F858E4 /* TestData */ = {
			isa = PBXGroup;
			children = (
				A28F6BCF2B1F498000F858E4 /* comments.json */,
				A28F6C152B1FB98800F858E4 /* posts.json */,
			);
			path = TestData;
			sourceTree = "<group>";
		};
		A28F6BDF2B1F499300F858E4 /* Networking */ = {
			isa = PBXGroup;
			children = (
				A28F6BE42B1F499300F858E4 /* Request.swift */,
				A28F6BE72B1F499300F858E4 /* RequestError.swift */,
				A28F6BE62B1F499300F858E4 /* APIRequestHandler.swift */,
				A28F6BE52B1F499300F858E4 /* APIResponseHandler.swift */,
				A28F6C112B1FAB7200F858E4 /* APIManager.swift */,
			);
			path = Networking;
			sourceTree = "<group>";
		};
		A28F6BE82B1F499300F858E4 /* Constants */ = {
			isa = PBXGroup;
			children = (
				A28F6BE92B1F499300F858E4 /* APIConstants.swift */,
			);
			path = Constants;
			sourceTree = "<group>";
		};
		A28F6C052B1F7B8F00F858E4 /* Views */ = {
			isa = PBXGroup;
			children = (
				A28F6C062B1F7B9900F858E4 /* PostList */,
				A28F6C342B23122F00F858E4 /* Photos */,
			);
			path = Views;
			sourceTree = "<group>";
		};
		A28F6C062B1F7B9900F858E4 /* PostList */ = {
			isa = PBXGroup;
			children = (
				A28F6C092B1F7C4300F858E4 /* PostListViewModel.swift */,
				A27997A82B4E95440036C648 /* UIKit */,
				A27997A92B4E954B0036C648 /* SwiftUI */,
			);
			path = PostList;
			sourceTree = "<group>";
		};
		A28F6C182B205C8100F858E4 /* Models */ = {
			isa = PBXGroup;
			children = (
				A27997AA2B4E97470036C648 /* Comment.swift */,
				A28F6BDE2B1F499300F858E4 /* Post.swift */,
				A28F6C302B2310D600F858E4 /* Photo.swift */,
			);
			path = Models;
			sourceTree = "<group>";
		};
		A28F6C192B205C9100F858E4 /* Services */ = {
			isa = PBXGroup;
			children = (
				A28F6C0F2B1FAAB500F858E4 /* PostService.swift */,
				A28F6C322B23111200F858E4 /* PhotoService.swift */,
			);
			path = Services;
			sourceTree = "<group>";
		};
		A28F6C1F2B20BDF400F858E4 /* Helpers */ = {
			isa = PBXGroup;
			children = (
				A27997A12B4DA0710036C648 /* Image Downloading */,
				A28F6C202B20BE1500F858E4 /* UITableView+Extension.swift */,
				A28F6C222B20BE9800F858E4 /* UIView+Constraints.swift */,
				A2A63D3A2B2895A7002C8DAC /* UIStoryboard+Extension.swift */,
			);
			path = Helpers;
			sourceTree = "<group>";
		};
		A28F6C262B20CC1C00F858E4 /* NetworkTests */ = {
			isa = PBXGroup;
			children = (
				A28F6BC72B1F498000F858E4 /* APIRequestHandlerTests.swift */,
				A28F6BD02B1F498000F858E4 /* APIResponseHandlerTests.swift */,
				A28F6BD12B1F498000F858E4 /* APIManagerTests.swift */,
			);
			path = NetworkTests;
			sourceTree = "<group>";
		};
		A28F6C272B20CC2C00F858E4 /* PostTests */ = {
			isa = PBXGroup;
			children = (
				A28F6C0D2B1FA9FB00F858E4 /* PostServiceTests.swift */,
				A28F6C242B20C1A100F858E4 /* PostListViewModelTests.swift */,
				A28F6C282B20CC4300F858E4 /* PostListViewControllerTests.swift */,
			);
			path = PostTests;
			sourceTree = "<group>";
		};
		A28F6C342B23122F00F858E4 /* Photos */ = {
			isa = PBXGroup;
			children = (
				A28F6C352B23124800F858E4 /* PhotosViewModel.swift */,
				A27997A62B4E95050036C648 /* UIKit */,
				A27997A72B4E950C0036C648 /* SwiftUI */,
			);
			path = Photos;
			sourceTree = "<group>";
		};
		A2A63D372B2893F5002C8DAC /* Coordinator */ = {
			isa = PBXGroup;
			children = (
				A2A63D382B289426002C8DAC /* AppCoordinator.swift */,
			);
			path = Coordinator;
			sourceTree = "<group>";
		};
/* End PBXGroup section */

/* Begin PBXNativeTarget section */
		A28F6B912B1F490900F858E4 /* SwiftMVVMDemo */ = {
			isa = PBXNativeTarget;
			buildConfigurationList = A28F6BBC2B1F490B00F858E4 /* Build configuration list for PBXNativeTarget "SwiftMVVMDemo" */;
			buildPhases = (
				A28F6B8E2B1F490900F858E4 /* Sources */,
				A28F6B8F2B1F490900F858E4 /* Frameworks */,
				A28F6B902B1F490900F858E4 /* Resources */,
			);
			buildRules = (
			);
			dependencies = (
			);
			name = SwiftMVVMDemo;
			productName = SwiftMVVMDemo;
			productReference = A28F6B922B1F490900F858E4 /* SwiftMVVMDemo.app */;
			productType = "com.apple.product-type.application";
		};
		A28F6BA72B1F490B00F858E4 /* SwiftMVVMDemoTests */ = {
			isa = PBXNativeTarget;
			buildConfigurationList = A28F6BBF2B1F490B00F858E4 /* Build configuration list for PBXNativeTarget "SwiftMVVMDemoTests" */;
			buildPhases = (
				A28F6BA42B1F490B00F858E4 /* Sources */,
				A28F6BA52B1F490B00F858E4 /* Frameworks */,
				A28F6BA62B1F490B00F858E4 /* Resources */,
			);
			buildRules = (
			);
			dependencies = (
				A28F6BAA2B1F490B00F858E4 /* PBXTargetDependency */,
			);
			name = SwiftMVVMDemoTests;
			productName = SwiftMVVMDemoTests;
			productReference = A28F6BA82B1F490B00F858E4 /* SwiftMVVMDemoTests.xctest */;
			productType = "com.apple.product-type.bundle.unit-test";
		};
		A28F6BB12B1F490B00F858E4 /* SwiftMVVMDemoUITests */ = {
			isa = PBXNativeTarget;
			buildConfigurationList = A28F6BC22B1F490B00F858E4 /* Build configuration list for PBXNativeTarget "SwiftMVVMDemoUITests" */;
			buildPhases = (
				A28F6BAE2B1F490B00F858E4 /* Sources */,
				A28F6BAF2B1F490B00F858E4 /* Frameworks */,
				A28F6BB02B1F490B00F858E4 /* Resources */,
			);
			buildRules = (
			);
			dependencies = (
				A28F6BB42B1F490B00F858E4 /* PBXTargetDependency */,
			);
			name = SwiftMVVMDemoUITests;
			productName = SwiftMVVMDemoUITests;
			productReference = A28F6BB22B1F490B00F858E4 /* SwiftMVVMDemoUITests.xctest */;
			productType = "com.apple.product-type.bundle.ui-testing";
		};
/* End PBXNativeTarget section */

/* Begin PBXProject section */
		A28F6B8A2B1F490900F858E4 /* Project object */ = {
			isa = PBXProject;
			attributes = {
				BuildIndependentTargetsInParallel = 1;
				LastSwiftUpdateCheck = 1500;
				LastUpgradeCheck = 1500;
				TargetAttributes = {
					A28F6B912B1F490900F858E4 = {
						CreatedOnToolsVersion = 15.0;
					};
					A28F6BA72B1F490B00F858E4 = {
						CreatedOnToolsVersion = 15.0;
						LastSwiftMigration = 1500;
						TestTargetID = A28F6B912B1F490900F858E4;
					};
					A28F6BB12B1F490B00F858E4 = {
						CreatedOnToolsVersion = 15.0;
						TestTargetID = A28F6B912B1F490900F858E4;
					};
				};
			};
			buildConfigurationList = A28F6B8D2B1F490900F858E4 /* Build configuration list for PBXProject "SwiftMVVMDemo" */;
			compatibilityVersion = "Xcode 14.0";
			developmentRegion = en;
			hasScannedForEncodings = 0;
			knownRegions = (
				en,
				Base,
			);
			mainGroup = A28F6B892B1F490900F858E4;
			productRefGroup = A28F6B932B1F490900F858E4 /* Products */;
			projectDirPath = "";
			projectRoot = "";
			targets = (
				A28F6B912B1F490900F858E4 /* SwiftMVVMDemo */,
				A28F6BA72B1F490B00F858E4 /* SwiftMVVMDemoTests */,
				A28F6BB12B1F490B00F858E4 /* SwiftMVVMDemoUITests */,
			);
		};
/* End PBXProject section */

/* Begin PBXResourcesBuildPhase section */
		A28F6B902B1F490900F858E4 /* Resources */ = {
			isa = PBXResourcesBuildPhase;
			buildActionMask = 2147483647;
			files = (
				A28F6BA22B1F490B00F858E4 /* LaunchScreen.storyboard in Resources */,
				A28F6C172B1FB9A200F858E4 /* posts.json in Resources */,
				A28F6B9F2B1F490B00F858E4 /* Assets.xcassets in Resources */,
				A28F6B9D2B1F490900F858E4 /* Main.storyboard in Resources */,
				A28F6C032B1F4A4500F858E4 /* comments.json in Resources */,
			);
			runOnlyForDeploymentPostprocessing = 0;
		};
		A28F6BA62B1F490B00F858E4 /* Resources */ = {
			isa = PBXResourcesBuildPhase;
			buildActionMask = 2147483647;
			files = (
			);
			runOnlyForDeploymentPostprocessing = 0;
		};
		A28F6BB02B1F490B00F858E4 /* Resources */ = {
			isa = PBXResourcesBuildPhase;
			buildActionMask = 2147483647;
			files = (
			);
			runOnlyForDeploymentPostprocessing = 0;
		};
/* End PBXResourcesBuildPhase section */

/* Begin PBXSourcesBuildPhase section */
		A28F6B8E2B1F490900F858E4 /* Sources */ = {
			isa = PBXSourcesBuildPhase;
			buildActionMask = 2147483647;
			files = (
				A2A63D3B2B2895A7002C8DAC /* UIStoryboard+Extension.swift in Sources */,
				A28F6C1E2B20BA5800F858E4 /* ViewController.swift in Sources */,
				A28F6C102B1FAAB500F858E4 /* PostService.swift in Sources */,
				A2A63D392B289426002C8DAC /* AppCoordinator.swift in Sources */,
				A28F6C0A2B1F7C4300F858E4 /* PostListViewModel.swift in Sources */,
				A28F6C0C2B1F7C6600F858E4 /* PostListViewController.swift in Sources */,
				A28F6B962B1F490900F858E4 /* AppDelegate.swift in Sources */,
				A28F6C232B20BE9800F858E4 /* UIView+Constraints.swift in Sources */,
				A2A63D3D2B289980002C8DAC /* PostCoordinator.swift in Sources */,
				A27997BB2B4ED5450036C648 /* MockRequests.swift in Sources */,
				A28F6BF32B1F499300F858E4 /* Request.swift in Sources */,
				A28F6BF72B1F499300F858E4 /* APIConstants.swift in Sources */,
				A28F6C3A2B23154C00F858E4 /* PhotoTableViewCell.swift in Sources */,
				A28F6C402B2363ED00F858E4 /* PhotosAsyncImageView.swift in Sources */,
				A28F6C442B236B8400F858E4 /* AsyncImageLoader.swift in Sources */,
				A28F6C122B1FAB7200F858E4 /* APIManager.swift in Sources */,
				A28F6BF42B1F499300F858E4 /* APIResponseHandler.swift in Sources */,
				A28F6C312B2310D600F858E4 /* Photo.swift in Sources */,
				A28F6BF62B1F499300F858E4 /* RequestError.swift in Sources */,
				A28F6BEE2B1F499300F858E4 /* Post.swift in Sources */,
				A28F6BF52B1F499300F858E4 /* APIRequestHandler.swift in Sources */,
				A28F6C2B2B21F82E00F858E4 /* PostListView.swift in Sources */,
				A27997A02B4D9DCA0036C648 /* ImageCache.swift in Sources */,
				A27997A52B4DCA890036C648 /* ImageService.swift in Sources */,
				A28F6C362B23124800F858E4 /* PhotosViewModel.swift in Sources */,
				A28F6C382B23125300F858E4 /* PhotosViewController.swift in Sources */,
				A27997BC2B4ED5570036C648 /* MockResponses.swift in Sources */,
				A27997AB2B4E97470036C648 /* Comment.swift in Sources */,
				A28F6C332B23111200F858E4 /* PhotoService.swift in Sources */,
				A28F6C422B236B3A00F858E4 /* PhotosCustomAsyncImageView.swift in Sources */,
				A28F6C212B20BE1500F858E4 /* UITableView+Extension.swift in Sources */,
				A2A63D422B28B559002C8DAC /* PhotosCoordinator.swift in Sources */,
			);
			runOnlyForDeploymentPostprocessing = 0;
		};
		A28F6BA42B1F490B00F858E4 /* Sources */ = {
			isa = PBXSourcesBuildPhase;
			buildActionMask = 2147483647;
			files = (
				A28F6BDA2B1F498000F858E4 /* APIResponseHandlerTests.swift in Sources */,
				A27997AF2B4E9A850036C648 /* ImageServiceTests.swift in Sources */,
				A27997C02B4EF79C0036C648 /* MockURLProtocol.swift in Sources */,
				A28F6BD22B1F498000F858E4 /* Bundle+Extension.swift in Sources */,
				A27997B32B4EC1940036C648 /* AsyncImageLoaderTests.swift in Sources */,
				A28F6C0E2B1FA9FB00F858E4 /* PostServiceTests.swift in Sources */,
				A28F6C292B20CC4300F858E4 /* PostListViewControllerTests.swift in Sources */,
				A28F6BDB2B1F498000F858E4 /* APIManagerTests.swift in Sources */,
				A28F6C252B20C1A100F858E4 /* PostListViewModelTests.swift in Sources */,
				A27997B12B4EB0900036C648 /* ImageCacheTests.swift in Sources */,
				A28F6BD32B1F498000F858E4 /* APIRequestHandlerTests.swift in Sources */,
			);
			runOnlyForDeploymentPostprocessing = 0;
		};
		A28F6BAE2B1F490B00F858E4 /* Sources */ = {
			isa = PBXSourcesBuildPhase;
			buildActionMask = 2147483647;
			files = (
				A28F6BB72B1F490B00F858E4 /* SwiftMVVMDemoUITests.swift in Sources */,
				A28F6BB92B1F490B00F858E4 /* SwiftMVVMDemoUITestsLaunchTests.swift in Sources */,
			);
			runOnlyForDeploymentPostprocessing = 0;
		};
/* End PBXSourcesBuildPhase section */

/* Begin PBXTargetDependency section */
		A28F6BAA2B1F490B00F858E4 /* PBXTargetDependency */ = {
			isa = PBXTargetDependency;
			target = A28F6B912B1F490900F858E4 /* SwiftMVVMDemo */;
			targetProxy = A28F6BA92B1F490B00F858E4 /* PBXContainerItemProxy */;
		};
		A28F6BB42B1F490B00F858E4 /* PBXTargetDependency */ = {
			isa = PBXTargetDependency;
			target = A28F6B912B1F490900F858E4 /* SwiftMVVMDemo */;
			targetProxy = A28F6BB32B1F490B00F858E4 /* PBXContainerItemProxy */;
		};
/* End PBXTargetDependency section */

/* Begin PBXVariantGroup section */
		A28F6B9B2B1F490900F858E4 /* Main.storyboard */ = {
			isa = PBXVariantGroup;
			children = (
				A28F6B9C2B1F490900F858E4 /* Base */,
			);
			name = Main.storyboard;
			sourceTree = "<group>";
		};
		A28F6BA02B1F490B00F858E4 /* LaunchScreen.storyboard */ = {
			isa = PBXVariantGroup;
			children = (
				A28F6BA12B1F490B00F858E4 /* Base */,
			);
			name = LaunchScreen.storyboard;
			sourceTree = "<group>";
		};
/* End PBXVariantGroup section */

/* Begin XCBuildConfiguration section */
		A28F6BBA2B1F490B00F858E4 /* Debug */ = {
			isa = XCBuildConfiguration;
			buildSettings = {
				ALWAYS_SEARCH_USER_PATHS = NO;
				ASSETCATALOG_COMPILER_GENERATE_SWIFT_ASSET_SYMBOL_EXTENSIONS = YES;
				CLANG_ANALYZER_NONNULL = YES;
				CLANG_ANALYZER_NUMBER_OBJECT_CONVERSION = YES_AGGRESSIVE;
				CLANG_CXX_LANGUAGE_STANDARD = "gnu++20";
				CLANG_ENABLE_MODULES = YES;
				CLANG_ENABLE_OBJC_ARC = YES;
				CLANG_ENABLE_OBJC_WEAK = YES;
				CLANG_WARN_BLOCK_CAPTURE_AUTORELEASING = YES;
				CLANG_WARN_BOOL_CONVERSION = YES;
				CLANG_WARN_COMMA = YES;
				CLANG_WARN_CONSTANT_CONVERSION = YES;
				CLANG_WARN_DEPRECATED_OBJC_IMPLEMENTATIONS = YES;
				CLANG_WARN_DIRECT_OBJC_ISA_USAGE = YES_ERROR;
				CLANG_WARN_DOCUMENTATION_COMMENTS = YES;
				CLANG_WARN_EMPTY_BODY = YES;
				CLANG_WARN_ENUM_CONVERSION = YES;
				CLANG_WARN_INFINITE_RECURSION = YES;
				CLANG_WARN_INT_CONVERSION = YES;
				CLANG_WARN_NON_LITERAL_NULL_CONVERSION = YES;
				CLANG_WARN_OBJC_IMPLICIT_RETAIN_SELF = YES;
				CLANG_WARN_OBJC_LITERAL_CONVERSION = YES;
				CLANG_WARN_OBJC_ROOT_CLASS = YES_ERROR;
				CLANG_WARN_QUOTED_INCLUDE_IN_FRAMEWORK_HEADER = YES;
				CLANG_WARN_RANGE_LOOP_ANALYSIS = YES;
				CLANG_WARN_STRICT_PROTOTYPES = YES;
				CLANG_WARN_SUSPICIOUS_MOVE = YES;
				CLANG_WARN_UNGUARDED_AVAILABILITY = YES_AGGRESSIVE;
				CLANG_WARN_UNREACHABLE_CODE = YES;
				CLANG_WARN__DUPLICATE_METHOD_MATCH = YES;
				COPY_PHASE_STRIP = NO;
				DEBUG_INFORMATION_FORMAT = dwarf;
				ENABLE_STRICT_OBJC_MSGSEND = YES;
				ENABLE_TESTABILITY = YES;
				ENABLE_USER_SCRIPT_SANDBOXING = YES;
				GCC_C_LANGUAGE_STANDARD = gnu17;
				GCC_DYNAMIC_NO_PIC = NO;
				GCC_NO_COMMON_BLOCKS = YES;
				GCC_OPTIMIZATION_LEVEL = 0;
				GCC_PREPROCESSOR_DEFINITIONS = (
					"DEBUG=1",
					"$(inherited)",
				);
				GCC_WARN_64_TO_32_BIT_CONVERSION = YES;
				GCC_WARN_ABOUT_RETURN_TYPE = YES_ERROR;
				GCC_WARN_UNDECLARED_SELECTOR = YES;
				GCC_WARN_UNINITIALIZED_AUTOS = YES_AGGRESSIVE;
				GCC_WARN_UNUSED_FUNCTION = YES;
				GCC_WARN_UNUSED_VARIABLE = YES;
				IPHONEOS_DEPLOYMENT_TARGET = 17.0;
				LOCALIZATION_PREFERS_STRING_CATALOGS = YES;
				MTL_ENABLE_DEBUG_INFO = INCLUDE_SOURCE;
				MTL_FAST_MATH = YES;
				ONLY_ACTIVE_ARCH = YES;
				SDKROOT = iphoneos;
				SWIFT_ACTIVE_COMPILATION_CONDITIONS = "DEBUG $(inherited)";
				SWIFT_OPTIMIZATION_LEVEL = "-Onone";
			};
			name = Debug;
		};
		A28F6BBB2B1F490B00F858E4 /* Release */ = {
			isa = XCBuildConfiguration;
			buildSettings = {
				ALWAYS_SEARCH_USER_PATHS = NO;
				ASSETCATALOG_COMPILER_GENERATE_SWIFT_ASSET_SYMBOL_EXTENSIONS = YES;
				CLANG_ANALYZER_NONNULL = YES;
				CLANG_ANALYZER_NUMBER_OBJECT_CONVERSION = YES_AGGRESSIVE;
				CLANG_CXX_LANGUAGE_STANDARD = "gnu++20";
				CLANG_ENABLE_MODULES = YES;
				CLANG_ENABLE_OBJC_ARC = YES;
				CLANG_ENABLE_OBJC_WEAK = YES;
				CLANG_WARN_BLOCK_CAPTURE_AUTORELEASING = YES;
				CLANG_WARN_BOOL_CONVERSION = YES;
				CLANG_WARN_COMMA = YES;
				CLANG_WARN_CONSTANT_CONVERSION = YES;
				CLANG_WARN_DEPRECATED_OBJC_IMPLEMENTATIONS = YES;
				CLANG_WARN_DIRECT_OBJC_ISA_USAGE = YES_ERROR;
				CLANG_WARN_DOCUMENTATION_COMMENTS = YES;
				CLANG_WARN_EMPTY_BODY = YES;
				CLANG_WARN_ENUM_CONVERSION = YES;
				CLANG_WARN_INFINITE_RECURSION = YES;
				CLANG_WARN_INT_CONVERSION = YES;
				CLANG_WARN_NON_LITERAL_NULL_CONVERSION = YES;
				CLANG_WARN_OBJC_IMPLICIT_RETAIN_SELF = YES;
				CLANG_WARN_OBJC_LITERAL_CONVERSION = YES;
				CLANG_WARN_OBJC_ROOT_CLASS = YES_ERROR;
				CLANG_WARN_QUOTED_INCLUDE_IN_FRAMEWORK_HEADER = YES;
				CLANG_WARN_RANGE_LOOP_ANALYSIS = YES;
				CLANG_WARN_STRICT_PROTOTYPES = YES;
				CLANG_WARN_SUSPICIOUS_MOVE = YES;
				CLANG_WARN_UNGUARDED_AVAILABILITY = YES_AGGRESSIVE;
				CLANG_WARN_UNREACHABLE_CODE = YES;
				CLANG_WARN__DUPLICATE_METHOD_MATCH = YES;
				COPY_PHASE_STRIP = NO;
				DEBUG_INFORMATION_FORMAT = "dwarf-with-dsym";
				ENABLE_NS_ASSERTIONS = NO;
				ENABLE_STRICT_OBJC_MSGSEND = YES;
				ENABLE_USER_SCRIPT_SANDBOXING = YES;
				GCC_C_LANGUAGE_STANDARD = gnu17;
				GCC_NO_COMMON_BLOCKS = YES;
				GCC_WARN_64_TO_32_BIT_CONVERSION = YES;
				GCC_WARN_ABOUT_RETURN_TYPE = YES_ERROR;
				GCC_WARN_UNDECLARED_SELECTOR = YES;
				GCC_WARN_UNINITIALIZED_AUTOS = YES_AGGRESSIVE;
				GCC_WARN_UNUSED_FUNCTION = YES;
				GCC_WARN_UNUSED_VARIABLE = YES;
				IPHONEOS_DEPLOYMENT_TARGET = 17.0;
				LOCALIZATION_PREFERS_STRING_CATALOGS = YES;
				MTL_ENABLE_DEBUG_INFO = NO;
				MTL_FAST_MATH = YES;
				SDKROOT = iphoneos;
				SWIFT_COMPILATION_MODE = wholemodule;
				VALIDATE_PRODUCT = YES;
			};
			name = Release;
		};
		A28F6BBD2B1F490B00F858E4 /* Debug */ = {
			isa = XCBuildConfiguration;
			buildSettings = {
				ASSETCATALOG_COMPILER_APPICON_NAME = AppIcon;
				ASSETCATALOG_COMPILER_GLOBAL_ACCENT_COLOR_NAME = AccentColor;
				CODE_SIGN_STYLE = Automatic;
				CURRENT_PROJECT_VERSION = 1;
				DEVELOPMENT_TEAM = H535R5Z6H3;
				GENERATE_INFOPLIST_FILE = YES;
				INFOPLIST_FILE = SwiftMVVMDemo/Info.plist;
				INFOPLIST_KEY_UIApplicationSupportsIndirectInputEvents = YES;
				INFOPLIST_KEY_UILaunchStoryboardName = LaunchScreen;
				INFOPLIST_KEY_UIMainStoryboardFile = Main;
				INFOPLIST_KEY_UISupportedInterfaceOrientations_iPad = "UIInterfaceOrientationPortrait UIInterfaceOrientationPortraitUpsideDown UIInterfaceOrientationLandscapeLeft UIInterfaceOrientationLandscapeRight";
				INFOPLIST_KEY_UISupportedInterfaceOrientations_iPhone = "UIInterfaceOrientationPortrait UIInterfaceOrientationLandscapeLeft UIInterfaceOrientationLandscapeRight";
				LD_RUNPATH_SEARCH_PATHS = (
					"$(inherited)",
					"@executable_path/Frameworks",
				);
				MARKETING_VERSION = 1.0;
				PRODUCT_BUNDLE_IDENTIFIER = com.rushi.SwiftMVVMDemo;
				PRODUCT_NAME = "$(TARGET_NAME)";
				SWIFT_EMIT_LOC_STRINGS = YES;
				SWIFT_VERSION = 5.0;
				TARGETED_DEVICE_FAMILY = "1,2";
			};
			name = Debug;
		};
		A28F6BBE2B1F490B00F858E4 /* Release */ = {
			isa = XCBuildConfiguration;
			buildSettings = {
				ASSETCATALOG_COMPILER_APPICON_NAME = AppIcon;
				ASSETCATALOG_COMPILER_GLOBAL_ACCENT_COLOR_NAME = AccentColor;
				CODE_SIGN_STYLE = Automatic;
				CURRENT_PROJECT_VERSION = 1;
				DEVELOPMENT_TEAM = H535R5Z6H3;
				GENERATE_INFOPLIST_FILE = YES;
				INFOPLIST_FILE = SwiftMVVMDemo/Info.plist;
				INFOPLIST_KEY_UIApplicationSupportsIndirectInputEvents = YES;
				INFOPLIST_KEY_UILaunchStoryboardName = LaunchScreen;
				INFOPLIST_KEY_UIMainStoryboardFile = Main;
				INFOPLIST_KEY_UISupportedInterfaceOrientations_iPad = "UIInterfaceOrientationPortrait UIInterfaceOrientationPortraitUpsideDown UIInterfaceOrientationLandscapeLeft UIInterfaceOrientationLandscapeRight";
				INFOPLIST_KEY_UISupportedInterfaceOrientations_iPhone = "UIInterfaceOrientationPortrait UIInterfaceOrientationLandscapeLeft UIInterfaceOrientationLandscapeRight";
				LD_RUNPATH_SEARCH_PATHS = (
					"$(inherited)",
					"@executable_path/Frameworks",
				);
				MARKETING_VERSION = 1.0;
				PRODUCT_BUNDLE_IDENTIFIER = com.rushi.SwiftMVVMDemo;
				PRODUCT_NAME = "$(TARGET_NAME)";
				SWIFT_EMIT_LOC_STRINGS = YES;
				SWIFT_VERSION = 5.0;
				TARGETED_DEVICE_FAMILY = "1,2";
			};
			name = Release;
		};
		A28F6BC02B1F490B00F858E4 /* Debug */ = {
			isa = XCBuildConfiguration;
			buildSettings = {
				ALWAYS_EMBED_SWIFT_STANDARD_LIBRARIES = YES;
				BUNDLE_LOADER = "$(TEST_HOST)";
				CLANG_ENABLE_MODULES = YES;
				CODE_SIGN_STYLE = Automatic;
				CURRENT_PROJECT_VERSION = 1;
				DEVELOPMENT_TEAM = H535R5Z6H3;
				GENERATE_INFOPLIST_FILE = YES;
				IPHONEOS_DEPLOYMENT_TARGET = 17.0;
				MARKETING_VERSION = 1.0;
				PRODUCT_BUNDLE_IDENTIFIER = com.rushi.SwiftMVVMDemoTests;
				PRODUCT_NAME = "$(TARGET_NAME)";
				SWIFT_EMIT_LOC_STRINGS = NO;
				SWIFT_OPTIMIZATION_LEVEL = "-Onone";
				SWIFT_VERSION = 5.0;
				TARGETED_DEVICE_FAMILY = "1,2";
				TEST_HOST = "$(BUILT_PRODUCTS_DIR)/SwiftMVVMDemo.app/$(BUNDLE_EXECUTABLE_FOLDER_PATH)/SwiftMVVMDemo";
			};
			name = Debug;
		};
		A28F6BC12B1F490B00F858E4 /* Release */ = {
			isa = XCBuildConfiguration;
			buildSettings = {
				ALWAYS_EMBED_SWIFT_STANDARD_LIBRARIES = YES;
				BUNDLE_LOADER = "$(TEST_HOST)";
				CLANG_ENABLE_MODULES = YES;
				CODE_SIGN_STYLE = Automatic;
				CURRENT_PROJECT_VERSION = 1;
				DEVELOPMENT_TEAM = H535R5Z6H3;
				GENERATE_INFOPLIST_FILE = YES;
				IPHONEOS_DEPLOYMENT_TARGET = 17.0;
				MARKETING_VERSION = 1.0;
				PRODUCT_BUNDLE_IDENTIFIER = com.rushi.SwiftMVVMDemoTests;
				PRODUCT_NAME = "$(TARGET_NAME)";
				SWIFT_EMIT_LOC_STRINGS = NO;
				SWIFT_VERSION = 5.0;
				TARGETED_DEVICE_FAMILY = "1,2";
				TEST_HOST = "$(BUILT_PRODUCTS_DIR)/SwiftMVVMDemo.app/$(BUNDLE_EXECUTABLE_FOLDER_PATH)/SwiftMVVMDemo";
			};
			name = Release;
		};
		A28F6BC32B1F490B00F858E4 /* Debug */ = {
			isa = XCBuildConfiguration;
			buildSettings = {
				ALWAYS_EMBED_SWIFT_STANDARD_LIBRARIES = YES;
				CODE_SIGN_STYLE = Automatic;
				CURRENT_PROJECT_VERSION = 1;
				DEVELOPMENT_TEAM = H535R5Z6H3;
				GENERATE_INFOPLIST_FILE = YES;
				MARKETING_VERSION = 1.0;
				PRODUCT_BUNDLE_IDENTIFIER = com.rushi.SwiftMVVMDemoUITests;
				PRODUCT_NAME = "$(TARGET_NAME)";
				SWIFT_EMIT_LOC_STRINGS = NO;
				SWIFT_VERSION = 5.0;
				TARGETED_DEVICE_FAMILY = "1,2";
				TEST_TARGET_NAME = SwiftMVVMDemo;
			};
			name = Debug;
		};
		A28F6BC42B1F490B00F858E4 /* Release */ = {
			isa = XCBuildConfiguration;
			buildSettings = {
				ALWAYS_EMBED_SWIFT_STANDARD_LIBRARIES = YES;
				CODE_SIGN_STYLE = Automatic;
				CURRENT_PROJECT_VERSION = 1;
				DEVELOPMENT_TEAM = H535R5Z6H3;
				GENERATE_INFOPLIST_FILE = YES;
				MARKETING_VERSION = 1.0;
				PRODUCT_BUNDLE_IDENTIFIER = com.rushi.SwiftMVVMDemoUITests;
				PRODUCT_NAME = "$(TARGET_NAME)";
				SWIFT_EMIT_LOC_STRINGS = NO;
				SWIFT_VERSION = 5.0;
				TARGETED_DEVICE_FAMILY = "1,2";
				TEST_TARGET_NAME = SwiftMVVMDemo;
			};
			name = Release;
		};
/* End XCBuildConfiguration section */

/* Begin XCConfigurationList section */
		A28F6B8D2B1F490900F858E4 /* Build configuration list for PBXProject "SwiftMVVMDemo" */ = {
			isa = XCConfigurationList;
			buildConfigurations = (
				A28F6BBA2B1F490B00F858E4 /* Debug */,
				A28F6BBB2B1F490B00F858E4 /* Release */,
			);
			defaultConfigurationIsVisible = 0;
			defaultConfigurationName = Release;
		};
		A28F6BBC2B1F490B00F858E4 /* Build configuration list for PBXNativeTarget "SwiftMVVMDemo" */ = {
			isa = XCConfigurationList;
			buildConfigurations = (
				A28F6BBD2B1F490B00F858E4 /* Debug */,
				A28F6BBE2B1F490B00F858E4 /* Release */,
			);
			defaultConfigurationIsVisible = 0;
			defaultConfigurationName = Release;
		};
		A28F6BBF2B1F490B00F858E4 /* Build configuration list for PBXNativeTarget "SwiftMVVMDemoTests" */ = {
			isa = XCConfigurationList;
			buildConfigurations = (
				A28F6BC02B1F490B00F858E4 /* Debug */,
				A28F6BC12B1F490B00F858E4 /* Release */,
			);
			defaultConfigurationIsVisible = 0;
			defaultConfigurationName = Release;
		};
		A28F6BC22B1F490B00F858E4 /* Build configuration list for PBXNativeTarget "SwiftMVVMDemoUITests" */ = {
			isa = XCConfigurationList;
			buildConfigurations = (
				A28F6BC32B1F490B00F858E4 /* Debug */,
				A28F6BC42B1F490B00F858E4 /* Release */,
			);
			defaultConfigurationIsVisible = 0;
			defaultConfigurationName = Release;
		};
/* End XCConfigurationList section */
	};
	rootObject = A28F6B8A2B1F490900F858E4 /* Project object */;
}
